
Microsoft Visual Studio Solution File, Format Version 12.00
# Visual Studio 15
Project("{2150E333-8FDC-42A3-9474-1A3956D46DE8}") = "Solution Items", "Solution Items", "{4F590F57-6935-42A5-89F2-CB433F4466B6}"
	ProjectSection(SolutionItems) = preProject
		.editorconfig = .editorconfig
	EndProjectSection
EndProject
Project("{FAE04EC0-301F-11D3-BF4B-00C04F79EFBC}") = "SpotifyProjectCommandLine", "SpotifyProjectCommandLine\SpotifyProjectCommandLine.csproj", "{A8EAB317-0658-40C3-B4DC-D44CDEE0521F}"
EndProject
Project("{FAE04EC0-301F-11D3-BF4B-00C04F79EFBC}") = "SpotifyProjectTests", "SpotifyProjectTests\SpotifyProjectTests.csproj", "{F8022386-1EDB-420B-9143-4E4DD5D204D3}"
EndProject
Project("{FAE04EC0-301F-11D3-BF4B-00C04F79EFBC}") = "CustomResources", "CustomResources\CustomResources.csproj", "{446813E8-FC2F-4F6D-BF36-EBE2F3B18C3B}"
EndProject
Project("{FAE04EC0-301F-11D3-BF4B-00C04F79EFBC}") = "ApplicationResources", "ApplicationResources\ApplicationResources.csproj", "{EECEE907-486B-42E6-88C5-B2E8118B37D9}"
EndProject
Project("{FAE04EC0-301F-11D3-BF4B-00C04F79EFBC}") = "ApplicationResourcesTests", "ApplicationResourcesTests\ApplicationResourcesTests.csproj", "{1A4FA52A-6280-4980-8D41-3C8B4718A114}"
EndProject
Project("{FAE04EC0-301F-11D3-BF4B-00C04F79EFBC}") = "ClassicalSpotifyShuffler", "ClassicalSpotifyShuffler\ClassicalSpotifyShuffler.csproj", "{826BDF15-2F71-43FA-8D5D-2D34296BC91A}"
EndProject
Project("{FAE04EC0-301F-11D3-BF4B-00C04F79EFBC}") = "SpotifyProject", "SpotifyProject\SpotifyProject.csproj", "{7DF1033C-435E-4EF6-BE04-F7D998BFFD88}"
EndProject
Global
	GlobalSection(SolutionConfigurationPlatforms) = preSolution
		Debug|Any CPU = Debug|Any CPU
		Release|Any CPU = Release|Any CPU
	EndGlobalSection
	GlobalSection(ProjectConfigurationPlatforms) = postSolution
		{A8EAB317-0658-40C3-B4DC-D44CDEE0521F}.Debug|Any CPU.ActiveCfg = Debug|Any CPU
		{A8EAB317-0658-40C3-B4DC-D44CDEE0521F}.Debug|Any CPU.Build.0 = Debug|Any CPU
		{A8EAB317-0658-40C3-B4DC-D44CDEE0521F}.Release|Any CPU.ActiveCfg = Release|Any CPU
		{A8EAB317-0658-40C3-B4DC-D44CDEE0521F}.Release|Any CPU.Build.0 = Release|Any CPU
		{F8022386-1EDB-420B-9143-4E4DD5D204D3}.Debug|Any CPU.ActiveCfg = Debug|Any CPU
		{F8022386-1EDB-420B-9143-4E4DD5D204D3}.Debug|Any CPU.Build.0 = Debug|Any CPU
		{F8022386-1EDB-420B-9143-4E4DD5D204D3}.Release|Any CPU.ActiveCfg = Release|Any CPU
		{F8022386-1EDB-420B-9143-4E4DD5D204D3}.Release|Any CPU.Build.0 = Release|Any CPU
		{446813E8-FC2F-4F6D-BF36-EBE2F3B18C3B}.Debug|Any CPU.ActiveCfg = Debug|Any CPU
		{446813E8-FC2F-4F6D-BF36-EBE2F3B18C3B}.Debug|Any CPU.Build.0 = Debug|Any CPU
		{446813E8-FC2F-4F6D-BF36-EBE2F3B18C3B}.Release|Any CPU.ActiveCfg = Release|Any CPU
		{446813E8-FC2F-4F6D-BF36-EBE2F3B18C3B}.Release|Any CPU.Build.0 = Release|Any CPU
		{EECEE907-486B-42E6-88C5-B2E8118B37D9}.Debug|Any CPU.ActiveCfg = Debug|Any CPU
		{EECEE907-486B-42E6-88C5-B2E8118B37D9}.Debug|Any CPU.Build.0 = Debug|Any CPU
		{EECEE907-486B-42E6-88C5-B2E8118B37D9}.Release|Any CPU.ActiveCfg = Release|Any CPU
		{EECEE907-486B-42E6-88C5-B2E8118B37D9}.Release|Any CPU.Build.0 = Release|Any CPU
		{1A4FA52A-6280-4980-8D41-3C8B4718A114}.Debug|Any CPU.ActiveCfg = Debug|Any CPU
		{1A4FA52A-6280-4980-8D41-3C8B4718A114}.Debug|Any CPU.Build.0 = Debug|Any CPU
		{1A4FA52A-6280-4980-8D41-3C8B4718A114}.Release|Any CPU.ActiveCfg = Release|Any CPU
		{1A4FA52A-6280-4980-8D41-3C8B4718A114}.Release|Any CPU.Build.0 = Release|Any CPU
		{826BDF15-2F71-43FA-8D5D-2D34296BC91A}.Debug|Any CPU.ActiveCfg = Debug|Any CPU
		{826BDF15-2F71-43FA-8D5D-2D34296BC91A}.Debug|Any CPU.Build.0 = Debug|Any CPU
		{826BDF15-2F71-43FA-8D5D-2D34296BC91A}.Release|Any CPU.ActiveCfg = Release|Any CPU
		{826BDF15-2F71-43FA-8D5D-2D34296BC91A}.Release|Any CPU.Build.0 = Release|Any CPU
		{7DF1033C-435E-4EF6-BE04-F7D998BFFD88}.Debug|Any CPU.ActiveCfg = Debug|Any CPU
		{7DF1033C-435E-4EF6-BE04-F7D998BFFD88}.Debug|Any CPU.Build.0 = Debug|Any CPU
		{7DF1033C-435E-4EF6-BE04-F7D998BFFD88}.Release|Any CPU.ActiveCfg = Release|Any CPU
		{7DF1033C-435E-4EF6-BE04-F7D998BFFD88}.Release|Any CPU.Build.0 = Release|Any CPU
	EndGlobalSection
EndGlobal
